// !$*UTF8*$!
{
	archiveVersion = 1;
	classes = {
	};
	objectVersion = 55;
	objects = {

/* Begin PBXBuildFile section */
		C29A584E28D7BF36003AF048 /* CharactersTableViewCell.swift in Sources */ = {isa = PBXBuildFile; fileRef = C29A584D28D7BF36003AF048 /* CharactersTableViewCell.swift */; };
		C2A4E1BE28DA6A7200DBDACD /* Extensions.swift in Sources */ = {isa = PBXBuildFile; fileRef = C2A4E1BD28DA6A7200DBDACD /* Extensions.swift */; };
		C2AC015428DD0845000A886C /* DetailsViewController.swift in Sources */ = {isa = PBXBuildFile; fileRef = C2AC015328DD0845000A886C /* DetailsViewController.swift */; };
		C2B91A2728C7F1370002F7D1 /* AppDelegate.swift in Sources */ = {isa = PBXBuildFile; fileRef = C2B91A2628C7F1370002F7D1 /* AppDelegate.swift */; };
		C2B91A2928C7F1370002F7D1 /* SceneDelegate.swift in Sources */ = {isa = PBXBuildFile; fileRef = C2B91A2828C7F1370002F7D1 /* SceneDelegate.swift */; };
		C2B91A2E28C7F1370002F7D1 /* Main.storyboard in Resources */ = {isa = PBXBuildFile; fileRef = C2B91A2C28C7F1370002F7D1 /* Main.storyboard */; };
		C2B91A3028C7F1380002F7D1 /* Assets.xcassets in Resources */ = {isa = PBXBuildFile; fileRef = C2B91A2F28C7F1380002F7D1 /* Assets.xcassets */; };
		C2B91A3328C7F1380002F7D1 /* LaunchScreen.storyboard in Resources */ = {isa = PBXBuildFile; fileRef = C2B91A3128C7F1380002F7D1 /* LaunchScreen.storyboard */; };
		C2B91A3B28C7F2530002F7D1 /* NetworkMarvelManager.swift in Sources */ = {isa = PBXBuildFile; fileRef = C2B91A3A28C7F2530002F7D1 /* NetworkMarvelManager.swift */; };
		C2B91A4228C7F74C0002F7D1 /* MarvelComicsData.swift in Sources */ = {isa = PBXBuildFile; fileRef = C2B91A4128C7F74C0002F7D1 /* MarvelComicsData.swift */; };
		C2CB55EA28D51E28004CFD0F /* CharactersTableViewController.swift in Sources */ = {isa = PBXBuildFile; fileRef = C2CB55E928D51E28004CFD0F /* CharactersTableViewController.swift */; };
/* End PBXBuildFile section */

/* Begin PBXFileReference section */
		C29A584D28D7BF36003AF048 /* CharactersTableViewCell.swift */ = {isa = PBXFileReference; lastKnownFileType = sourcecode.swift; path = CharactersTableViewCell.swift; sourceTree = "<group>"; };
		C2A4E1BD28DA6A7200DBDACD /* Extensions.swift */ = {isa = PBXFileReference; lastKnownFileType = sourcecode.swift; path = Extensions.swift; sourceTree = "<group>"; };
		C2AC015328DD0845000A886C /* DetailsViewController.swift */ = {isa = PBXFileReference; lastKnownFileType = sourcecode.swift; path = DetailsViewController.swift; sourceTree = "<group>"; };
		C2B91A2328C7F1370002F7D1 /* MarvelTestJSON.app */ = {isa = PBXFileReference; explicitFileType = wrapper.application; includeInIndex = 0; path = MarvelTestJSON.app; sourceTree = BUILT_PRODUCTS_DIR; };
		C2B91A2628C7F1370002F7D1 /* AppDelegate.swift */ = {isa = PBXFileReference; lastKnownFileType = sourcecode.swift; path = AppDelegate.swift; sourceTree = "<group>"; };
		C2B91A2828C7F1370002F7D1 /* SceneDelegate.swift */ = {isa = PBXFileReference; lastKnownFileType = sourcecode.swift; path = SceneDelegate.swift; sourceTree = "<group>"; };
		C2B91A2D28C7F1370002F7D1 /* Base */ = {isa = PBXFileReference; lastKnownFileType = file.storyboard; name = Base; path = Base.lproj/Main.storyboard; sourceTree = "<group>"; };
		C2B91A2F28C7F1380002F7D1 /* Assets.xcassets */ = {isa = PBXFileReference; lastKnownFileType = folder.assetcatalog; path = Assets.xcassets; sourceTree = "<group>"; };
		C2B91A3228C7F1380002F7D1 /* Base */ = {isa = PBXFileReference; lastKnownFileType = file.storyboard; name = Base; path = Base.lproj/LaunchScreen.storyboard; sourceTree = "<group>"; };
		C2B91A3428C7F1380002F7D1 /* Info.plist */ = {isa = PBXFileReference; lastKnownFileType = text.plist.xml; path = Info.plist; sourceTree = "<group>"; };
		C2B91A3A28C7F2530002F7D1 /* NetworkMarvelManager.swift */ = {isa = PBXFileReference; lastKnownFileType = sourcecode.swift; path = NetworkMarvelManager.swift; sourceTree = "<group>"; };
		C2B91A4128C7F74C0002F7D1 /* MarvelComicsData.swift */ = {isa = PBXFileReference; lastKnownFileType = sourcecode.swift; path = MarvelComicsData.swift; sourceTree = "<group>"; };
		C2CB55E928D51E28004CFD0F /* CharactersTableViewController.swift */ = {isa = PBXFileReference; lastKnownFileType = sourcecode.swift; path = CharactersTableViewController.swift; sourceTree = "<group>"; };
/* End PBXFileReference section */

/* Begin PBXFrameworksBuildPhase section */
		C2B91A2028C7F1370002F7D1 /* Frameworks */ = {
			isa = PBXFrameworksBuildPhase;
			buildActionMask = 2147483647;
			files = (
			);
			runOnlyForDeploymentPostprocessing = 0;
		};
/* End PBXFrameworksBuildPhase section */

/* Begin PBXGroup section */
		C2AC015528DD0858000A886C /* CharactersTVController */ = {
			isa = PBXGroup;
			children = (
				C2CB55E928D51E28004CFD0F /* CharactersTableViewController.swift */,
				C29A584D28D7BF36003AF048 /* CharactersTableViewCell.swift */,
			);
			path = CharactersTVController;
			sourceTree = "<group>";
		};
		C2AC015628DD087A000A886C /* DetailsVC */ = {
			isa = PBXGroup;
			children = (
				C2AC015328DD0845000A886C /* DetailsViewController.swift */,
			);
			path = DetailsVC;
			sourceTree = "<group>";
		};
		C2B91A1A28C7F1370002F7D1 = {
			isa = PBXGroup;
			children = (
				C2B91A2528C7F1370002F7D1 /* MarvelTestJSON */,
				C2B91A2428C7F1370002F7D1 /* Products */,
			);
			sourceTree = "<group>";
		};
		C2B91A2428C7F1370002F7D1 /* Products */ = {
			isa = PBXGroup;
			children = (
				C2B91A2328C7F1370002F7D1 /* MarvelTestJSON.app */,
			);
			name = Products;
			sourceTree = "<group>";
		};
		C2B91A2528C7F1370002F7D1 /* MarvelTestJSON */ = {
			isa = PBXGroup;
			children = (
				C2B91A3F28C7F2A80002F7D1 /* Models */,
				C2B91A3E28C7F2970002F7D1 /* View Controllers */,
				C2B91A4028C7F2BF0002F7D1 /* Views */,
				C2B91A2F28C7F1380002F7D1 /* Assets.xcassets */,
				C2A4E1BD28DA6A7200DBDACD /* Extensions.swift */,
				C2B91A2628C7F1370002F7D1 /* AppDelegate.swift */,
				C2B91A2828C7F1370002F7D1 /* SceneDelegate.swift */,
				C2B91A3428C7F1380002F7D1 /* Info.plist */,
			);
			path = MarvelTestJSON;
			sourceTree = "<group>";
		};
		C2B91A3E28C7F2970002F7D1 /* View Controllers */ = {
			isa = PBXGroup;
			children = (
				C2AC015528DD0858000A886C /* CharactersTVController */,
				C2AC015628DD087A000A886C /* DetailsVC */,
			);
			path = "View Controllers";
			sourceTree = "<group>";
		};
		C2B91A3F28C7F2A80002F7D1 /* Models */ = {
			isa = PBXGroup;
			children = (
				C2B91A3A28C7F2530002F7D1 /* NetworkMarvelManager.swift */,
				C2B91A4128C7F74C0002F7D1 /* MarvelComicsData.swift */,
			);
			path = Models;
			sourceTree = "<group>";
		};
		C2B91A4028C7F2BF0002F7D1 /* Views */ = {
			isa = PBXGroup;
			children = (
				C2B91A2C28C7F1370002F7D1 /* Main.storyboard */,
				C2B91A3128C7F1380002F7D1 /* LaunchScreen.storyboard */,
			);
			path = Views;
			sourceTree = "<group>";
		};
/* End PBXGroup section */

/* Begin PBXNativeTarget section */
		C2B91A2228C7F1370002F7D1 /* MarvelTestJSON */ = {
			isa = PBXNativeTarget;
			buildConfigurationList = C2B91A3728C7F1380002F7D1 /* Build configuration list for PBXNativeTarget "MarvelTestJSON" */;
			buildPhases = (
				C2B91A1F28C7F1370002F7D1 /* Sources */,
				C2B91A2028C7F1370002F7D1 /* Frameworks */,
				C2B91A2128C7F1370002F7D1 /* Resources */,
			);
			buildRules = (
			);
			dependencies = (
			);
			name = MarvelTestJSON;
			productName = MarvelTestJSON;
			productReference = C2B91A2328C7F1370002F7D1 /* MarvelTestJSON.app */;
			productType = "com.apple.product-type.application";
		};
/* End PBXNativeTarget section */

/* Begin PBXProject section */
		C2B91A1B28C7F1370002F7D1 /* Project object */ = {
			isa = PBXProject;
			attributes = {
				BuildIndependentTargetsInParallel = 1;
				LastSwiftUpdateCheck = 1340;
				LastUpgradeCheck = 1340;
				TargetAttributes = {
					C2B91A2228C7F1370002F7D1 = {
						CreatedOnToolsVersion = 13.4.1;
					};
				};
			};
			buildConfigurationList = C2B91A1E28C7F1370002F7D1 /* Build configuration list for PBXProject "MarvelTestJSON" */;
			compatibilityVersion = "Xcode 13.0";
			developmentRegion = en;
			hasScannedForEncodings = 0;
			knownRegions = (
				en,
				Base,
			);
			mainGroup = C2B91A1A28C7F1370002F7D1;
			productRefGroup = C2B91A2428C7F1370002F7D1 /* Products */;
			projectDirPath = "";
			projectRoot = "";
			targets = (
				C2B91A2228C7F1370002F7D1 /* MarvelTestJSON */,
			);
		};
/* End PBXProject section */

/* Begin PBXResourcesBuildPhase section */
		C2B91A2128C7F1370002F7D1 /* Resources */ = {
			isa = PBXResourcesBuildPhase;
			buildActionMask = 2147483647;
			files = (
				C2B91A3328C7F1380002F7D1 /* LaunchScreen.storyboard in Resources */,
				C2B91A3028C7F1380002F7D1 /* Assets.xcassets in Resources */,
				C2B91A2E28C7F1370002F7D1 /* Main.storyboard in Resources */,
			);
			runOnlyForDeploymentPostprocessing = 0;
		};
/* End PBXResourcesBuildPhase section */

/* Begin PBXSourcesBuildPhase section */
		C2B91A1F28C7F1370002F7D1 /* Sources */ = {
			isa = PBXSourcesBuildPhase;
			buildActionMask = 2147483647;
			files = (
				C2CB55EA28D51E28004CFD0F /* CharactersTableViewController.swift in Sources */,
				C2B91A3B28C7F2530002F7D1 /* NetworkMarvelManager.swift in Sources */,
				C2B91A2728C7F1370002F7D1 /* AppDelegate.swift in Sources */,
				C2AC015428DD0845000A886C /* DetailsViewController.swift in Sources */,
				C29A584E28D7BF36003AF048 /* CharactersTableViewCell.swift in Sources */,
				C2B91A4228C7F74C0002F7D1 /* MarvelComicsData.swift in Sources */,
				C2B91A2928C7F1370002F7D1 /* SceneDelegate.swift in Sources */,
				C2A4E1BE28DA6A7200DBDACD /* Extensions.swift in Sources */,
			);
			runOnlyForDeploymentPostprocessing = 0;
		};
/* End PBXSourcesBuildPhase section */

/* Begin PBXVariantGroup section */
		C2B91A2C28C7F1370002F7D1 /* Main.storyboard */ = {
			isa = PBXVariantGroup;
			children = (
				C2B91A2D28C7F1370002F7D1 /* Base */,
			);
			name = Main.storyboard;
			sourceTree = "<group>";
		};
		C2B91A3128C7F1380002F7D1 /* LaunchScreen.storyboard */ = {
			isa = PBXVariantGroup;
			children = (
				C2B91A3228C7F1380002F7D1 /* Base */,
			);
			name = LaunchScreen.storyboard;
			sourceTree = "<group>";
		};
/* End PBXVariantGroup section */

/* Begin XCBuildConfiguration section */
		C2B91A3528C7F1380002F7D1 /* Debug */ = {
			isa = XCBuildConfiguration;
			buildSettings = {
				ALWAYS_SEARCH_USER_PATHS = NO;
				CLANG_ANALYZER_NONNULL = YES;
				CLANG_ANALYZER_NUMBER_OBJECT_CONVERSION = YES_AGGRESSIVE;
				CLANG_CXX_LANGUAGE_STANDARD = "gnu++17";
				CLANG_ENABLE_MODULES = YES;
				CLANG_ENABLE_OBJC_ARC = YES;
				CLANG_ENABLE_OBJC_WEAK = YES;
				CLANG_WARN_BLOCK_CAPTURE_AUTORELEASING = YES;
				CLANG_WARN_BOOL_CONVERSION = YES;
				CLANG_WARN_COMMA = YES;
				CLANG_WARN_CONSTANT_CONVERSION = YES;
				CLANG_WARN_DEPRECATED_OBJC_IMPLEMENTATIONS = YES;
				CLANG_WARN_DIRECT_OBJC_ISA_USAGE = YES_ERROR;
				CLANG_WARN_DOCUMENTATION_COMMENTS = YES;
				CLANG_WARN_EMPTY_BODY = YES;
				CLANG_WARN_ENUM_CONVERSION = YES;
				CLANG_WARN_INFINITE_RECURSION = YES;
				CLANG_WARN_INT_CONVERSION = YES;
				CLANG_WARN_NON_LITERAL_NULL_CONVERSION = YES;
				CLANG_WARN_OBJC_IMPLICIT_RETAIN_SELF = YES;
				CLANG_WARN_OBJC_LITERAL_CONVERSION = YES;
				CLANG_WARN_OBJC_ROOT_CLASS = YES_ERROR;
				CLANG_WARN_QUOTED_INCLUDE_IN_FRAMEWORK_HEADER = YES;
				CLANG_WARN_RANGE_LOOP_ANALYSIS = YES;
				CLANG_WARN_STRICT_PROTOTYPES = YES;
				CLANG_WARN_SUSPICIOUS_MOVE = YES;
				CLANG_WARN_UNGUARDED_AVAILABILITY = YES_AGGRESSIVE;
				CLANG_WARN_UNREACHABLE_CODE = YES;
				CLANG_WARN__DUPLICATE_METHOD_MATCH = YES;
				COPY_PHASE_STRIP = NO;
				DEBUG_INFORMATION_FORMAT = dwarf;
				ENABLE_STRICT_OBJC_MSGSEND = YES;
				ENABLE_TESTABILITY = YES;
				GCC_C_LANGUAGE_STANDARD = gnu11;
				GCC_DYNAMIC_NO_PIC = NO;
				GCC_NO_COMMON_BLOCKS = YES;
				GCC_OPTIMIZATION_LEVEL = 0;
				GCC_PREPROCESSOR_DEFINITIONS = (
					"DEBUG=1",
					"$(inherited)",
				);
				GCC_WARN_64_TO_32_BIT_CONVERSION = YES;
				GCC_WARN_ABOUT_RETURN_TYPE = YES_ERROR;
				GCC_WARN_UNDECLARED_SELECTOR = YES;
				GCC_WARN_UNINITIALIZED_AUTOS = YES_AGGRESSIVE;
				GCC_WARN_UNUSED_FUNCTION = YES;
				GCC_WARN_UNUSED_VARIABLE = YES;
				IPHONEOS_DEPLOYMENT_TARGET = 15.5;
				MTL_ENABLE_DEBUG_INFO = INCLUDE_SOURCE;
				MTL_FAST_MATH = YES;
				ONLY_ACTIVE_ARCH = YES;
				SDKROOT = iphoneos;
				SWIFT_ACTIVE_COMPILATION_CONDITIONS = DEBUG;
				SWIFT_OPTIMIZATION_LEVEL = "-Onone";
			};
			name = Debug;
		};
		C2B91A3628C7F1380002F7D1 /* Release */ = {
			isa = XCBuildConfiguration;
			buildSettings = {
				ALWAYS_SEARCH_USER_PATHS = NO;
				CLANG_ANALYZER_NONNULL = YES;
				CLANG_ANALYZER_NUMBER_OBJECT_CONVERSION = YES_AGGRESSIVE;
				CLANG_CXX_LANGUAGE_STANDARD = "gnu++17";
				CLANG_ENABLE_MODULES = YES;
				CLANG_ENABLE_OBJC_ARC = YES;
				CLANG_ENABLE_OBJC_WEAK = YES;
				CLANG_WARN_BLOCK_CAPTURE_AUTORELEASING = YES;
				CLANG_WARN_BOOL_CONVERSION = YES;
				CLANG_WARN_COMMA = YES;
				CLANG_WARN_CONSTANT_CONVERSION = YES;
				CLANG_WARN_DEPRECATED_OBJC_IMPLEMENTATIONS = YES;
				CLANG_WARN_DIRECT_OBJC_ISA_USAGE = YES_ERROR;
				CLANG_WARN_DOCUMENTATION_COMMENTS = YES;
				CLANG_WARN_EMPTY_BODY = YES;
				CLANG_WARN_ENUM_CONVERSION = YES;
				CLANG_WARN_INFINITE_RECURSION = YES;
				CLANG_WARN_INT_CONVERSION = YES;
				CLANG_WARN_NON_LITERAL_NULL_CONVERSION = YES;
				CLANG_WARN_OBJC_IMPLICIT_RETAIN_SELF = YES;
				CLANG_WARN_OBJC_LITERAL_CONVERSION = YES;
				CLANG_WARN_OBJC_ROOT_CLASS = YES_ERROR;
				CLANG_WARN_QUOTED_INCLUDE_IN_FRAMEWORK_HEADER = YES;
				CLANG_WARN_RANGE_LOOP_ANALYSIS = YES;
				CLANG_WARN_STRICT_PROTOTYPES = YES;
				CLANG_WARN_SUSPICIOUS_MOVE = YES;
				CLANG_WARN_UNGUARDED_AVAILABILITY = YES_AGGRESSIVE;
				CLANG_WARN_UNREACHABLE_CODE = YES;
				CLANG_WARN__DUPLICATE_METHOD_MATCH = YES;
				COPY_PHASE_STRIP = NO;
				DEBUG_INFORMATION_FORMAT = "dwarf-with-dsym";
				ENABLE_NS_ASSERTIONS = NO;
				ENABLE_STRICT_OBJC_MSGSEND = YES;
				GCC_C_LANGUAGE_STANDARD = gnu11;
				GCC_NO_COMMON_BLOCKS = YES;
				GCC_WARN_64_TO_32_BIT_CONVERSION = YES;
				GCC_WARN_ABOUT_RETURN_TYPE = YES_ERROR;
				GCC_WARN_UNDECLARED_SELECTOR = YES;
				GCC_WARN_UNINITIALIZED_AUTOS = YES_AGGRESSIVE;
				GCC_WARN_UNUSED_FUNCTION = YES;
				GCC_WARN_UNUSED_VARIABLE = YES;
				IPHONEOS_DEPLOYMENT_TARGET = 15.5;
				MTL_ENABLE_DEBUG_INFO = NO;
				MTL_FAST_MATH = YES;
				SDKROOT = iphoneos;
				SWIFT_COMPILATION_MODE = wholemodule;
				SWIFT_OPTIMIZATION_LEVEL = "-O";
				VALIDATE_PRODUCT = YES;
			};
			name = Release;
		};
		C2B91A3828C7F1380002F7D1 /* Debug */ = {
			isa = XCBuildConfiguration;
			buildSettings = {
				ASSETCATALOG_COMPILER_APPICON_NAME = AppIcon;
				ASSETCATALOG_COMPILER_GLOBAL_ACCENT_COLOR_NAME = AccentColor;
				CODE_SIGN_STYLE = Automatic;
				CURRENT_PROJECT_VERSION = 1;
				DEVELOPMENT_TEAM = H36896642J;
				GENERATE_INFOPLIST_FILE = YES;
				INFOPLIST_FILE = MarvelTestJSON/Info.plist;
				INFOPLIST_KEY_UIApplicationSupportsIndirectInputEvents = YES;
				INFOPLIST_KEY_UILaunchStoryboardName = LaunchScreen;
				INFOPLIST_KEY_UIMainStoryboardFile = Main;
				INFOPLIST_KEY_UISupportedInterfaceOrientations_iPad = "UIInterfaceOrientationPortrait UIInterfaceOrientationPortraitUpsideDown UIInterfaceOrientationLandscapeLeft UIInterfaceOrientationLandscapeRight";
				INFOPLIST_KEY_UISupportedInterfaceOrientations_iPhone = "UIInterfaceOrientationPortrait UIInterfaceOrientationLandscapeLeft UIInterfaceOrientationLandscapeRight";
				LD_RUNPATH_SEARCH_PATHS = (
					"$(inherited)",
					"@executable_path/Frameworks",
				);
				MARKETING_VERSION = 1.0;
				PRODUCT_BUNDLE_IDENTIFIER = com.AndriiStetsenko.MarvelTestJSON;
				PRODUCT_NAME = "$(TARGET_NAME)";
				SWIFT_EMIT_LOC_STRINGS = YES;
				SWIFT_VERSION = 5.0;
				TARGETED_DEVICE_FAMILY = "1,2";
			};
			name = Debug;
		};
		C2B91A3928C7F1380002F7D1 /* Release */ = {
			isa = XCBuildConfiguration;
			buildSettings = {
				ASSETCATALOG_COMPILER_APPICON_NAME = AppIcon;
				ASSETCATALOG_COMPILER_GLOBAL_ACCENT_COLOR_NAME = AccentColor;
				CODE_SIGN_STYLE = Automatic;
				CURRENT_PROJECT_VERSION = 1;
				DEVELOPMENT_TEAM = H36896642J;
				GENERATE_INFOPLIST_FILE = YES;
				INFOPLIST_FILE = MarvelTestJSON/Info.plist;
				INFOPLIST_KEY_UIApplicationSupportsIndirectInputEvents = YES;
				INFOPLIST_KEY_UILaunchStoryboardName = LaunchScreen;
				INFOPLIST_KEY_UIMainStoryboardFile = Main;
				INFOPLIST_KEY_UISupportedInterfaceOrientations_iPad = "UIInterfaceOrientationPortrait UIInterfaceOrientationPortraitUpsideDown UIInterfaceOrientationLandscapeLeft UIInterfaceOrientationLandscapeRight";
				INFOPLIST_KEY_UISupportedInterfaceOrientations_iPhone = "UIInterfaceOrientationPortrait UIInterfaceOrientationLandscapeLeft UIInterfaceOrientationLandscapeRight";
				LD_RUNPATH_SEARCH_PATHS = (
					"$(inherited)",
					"@executable_path/Frameworks",
				);
				MARKETING_VERSION = 1.0;
				PRODUCT_BUNDLE_IDENTIFIER = com.AndriiStetsenko.MarvelTestJSON;
				PRODUCT_NAME = "$(TARGET_NAME)";
				SWIFT_EMIT_LOC_STRINGS = YES;
				SWIFT_VERSION = 5.0;
				TARGETED_DEVICE_FAMILY = "1,2";
			};
			name = Release;
		};
/* End XCBuildConfiguration section */

/* Begin XCConfigurationList section */
		C2B91A1E28C7F1370002F7D1 /* Build configuration list for PBXProject "MarvelTestJSON" */ = {
			isa = XCConfigurationList;
			buildConfigurations = (
				C2B91A3528C7F1380002F7D1 /* Debug */,
				C2B91A3628C7F1380002F7D1 /* Release */,
			);
			defaultConfigurationIsVisible = 0;
			defaultConfigurationName = Release;
		};
		C2B91A3728C7F1380002F7D1 /* Build configuration list for PBXNativeTarget "MarvelTestJSON" */ = {
			isa = XCConfigurationList;
			buildConfigurations = (
				C2B91A3828C7F1380002F7D1 /* Debug */,
				C2B91A3928C7F1380002F7D1 /* Release */,
			);
			defaultConfigurationIsVisible = 0;
			defaultConfigurationName = Release;
		};
/* End XCConfigurationList section */
	};
	rootObject = C2B91A1B28C7F1370002F7D1 /* Project object */;
}
